
Microsoft Visual Studio Solution File, Format Version 10.00
# Visual Studio 2008
Project("{FAE04EC0-301F-11D3-BF4B-00C04F79EFBC}") = "Red_Neuronal", "Red_Neuronal\Red_Neuronal.csproj", "{CC303ED4-29C4-49D7-A1B5-E36C97F64A68}"
EndProject
Global
	GlobalSection(SolutionConfigurationPlatforms) = preSolution
		Debug|Any CPU = Debug|Any CPU
		Release|Any CPU = Release|Any CPU
	EndGlobalSection
	GlobalSection(ProjectConfigurationPlatforms) = postSolution
		{CC303ED4-29C4-49D7-A1B5-E36C97F64A68}.Debug|Any CPU.ActiveCfg = Debug|Any CPU
		{CC303ED4-29C4-49D7-A1B5-E36C97F64A68}.Debug|Any CPU.Build.0 = Debug|Any CPU
		{CC303ED4-29C4-49D7-A1B5-E36C97F64A68}.Release|Any CPU.ActiveCfg = Release|Any CPU
		{CC303ED4-29C4-49D7-A1B5-E36C97F64A68}.Release|Any CPU.Build.0 = Release|Any CPU
	EndGlobalSection
	GlobalSection(SolutionProperties) = preSolution
		HideSolutionNode = FALSE
	EndGlobalSection
EndGlobal
